// !$*UTF8*$!
{
	archiveVersion = 1;
	classes = {
	};
	objectVersion = 56;
	objects = {

/* Begin PBXBuildFile section */
		722C388E28EA44FC00ACCBAE /* AppDelegate.swift in Sources */ = {isa = PBXBuildFile; fileRef = 722C388D28EA44FC00ACCBAE /* AppDelegate.swift */; };
		722C389028EA44FC00ACCBAE /* SceneDelegate.swift in Sources */ = {isa = PBXBuildFile; fileRef = 722C388F28EA44FC00ACCBAE /* SceneDelegate.swift */; };
		722C389228EA44FC00ACCBAE /* ViewController.swift in Sources */ = {isa = PBXBuildFile; fileRef = 722C389128EA44FC00ACCBAE /* ViewController.swift */; };
		722C389528EA44FC00ACCBAE /* Main.storyboard in Resources */ = {isa = PBXBuildFile; fileRef = 722C389328EA44FC00ACCBAE /* Main.storyboard */; };
		722C389728EA44FD00ACCBAE /* Assets.xcassets in Resources */ = {isa = PBXBuildFile; fileRef = 722C389628EA44FD00ACCBAE /* Assets.xcassets */; };
		722C389A28EA44FD00ACCBAE /* LaunchScreen.storyboard in Resources */ = {isa = PBXBuildFile; fileRef = 722C389828EA44FD00ACCBAE /* LaunchScreen.storyboard */; };
		722C38A528EA44FD00ACCBAE /* LeetCode21Tests.swift in Sources */ = {isa = PBXBuildFile; fileRef = 722C38A428EA44FD00ACCBAE /* LeetCode21Tests.swift */; };
		722C38AF28EA44FD00ACCBAE /* LeetCode21UITests.swift in Sources */ = {isa = PBXBuildFile; fileRef = 722C38AE28EA44FD00ACCBAE /* LeetCode21UITests.swift */; };
		722C38B128EA44FD00ACCBAE /* LeetCode21UITestsLaunchTests.swift in Sources */ = {isa = PBXBuildFile; fileRef = 722C38B028EA44FD00ACCBAE /* LeetCode21UITestsLaunchTests.swift */; };
/* End PBXBuildFile section */

/* Begin PBXContainerItemProxy section */
		722C38A128EA44FD00ACCBAE /* PBXContainerItemProxy */ = {
			isa = PBXContainerItemProxy;
			containerPortal = 722C388228EA44FC00ACCBAE /* Project object */;
			proxyType = 1;
			remoteGlobalIDString = 722C388928EA44FC00ACCBAE;
			remoteInfo = LeetCode21;
		};
		722C38AB28EA44FD00ACCBAE /* PBXContainerItemProxy */ = {
			isa = PBXContainerItemProxy;
			containerPortal = 722C388228EA44FC00ACCBAE /* Project object */;
			proxyType = 1;
			remoteGlobalIDString = 722C388928EA44FC00ACCBAE;
			remoteInfo = LeetCode21;
		};
/* End PBXContainerItemProxy section */

/* Begin PBXFileReference section */
		722C388A28EA44FC00ACCBAE /* LeetCode21.app */ = {isa = PBXFileReference; explicitFileType = wrapper.application; includeInIndex = 0; path = LeetCode21.app; sourceTree = BUILT_PRODUCTS_DIR; };
		722C388D28EA44FC00ACCBAE /* AppDelegate.swift */ = {isa = PBXFileReference; lastKnownFileType = sourcecode.swift; path = AppDelegate.swift; sourceTree = "<group>"; };
		722C388F28EA44FC00ACCBAE /* SceneDelegate.swift */ = {isa = PBXFileReference; lastKnownFileType = sourcecode.swift; path = SceneDelegate.swift; sourceTree = "<group>"; };
		722C389128EA44FC00ACCBAE /* ViewController.swift */ = {isa = PBXFileReference; lastKnownFileType = sourcecode.swift; path = ViewController.swift; sourceTree = "<group>"; };
		722C389428EA44FC00ACCBAE /* Base */ = {isa = PBXFileReference; lastKnownFileType = file.storyboard; name = Base; path = Base.lproj/Main.storyboard; sourceTree = "<group>"; };
		722C389628EA44FD00ACCBAE /* Assets.xcassets */ = {isa = PBXFileReference; lastKnownFileType = folder.assetcatalog; path = Assets.xcassets; sourceTree = "<group>"; };
		722C389928EA44FD00ACCBAE /* Base */ = {isa = PBXFileReference; lastKnownFileType = file.storyboard; name = Base; path = Base.lproj/LaunchScreen.storyboard; sourceTree = "<group>"; };
		722C389B28EA44FD00ACCBAE /* Info.plist */ = {isa = PBXFileReference; lastKnownFileType = text.plist.xml; path = Info.plist; sourceTree = "<group>"; };
		722C38A028EA44FD00ACCBAE /* LeetCode21Tests.xctest */ = {isa = PBXFileReference; explicitFileType = wrapper.cfbundle; includeInIndex = 0; path = LeetCode21Tests.xctest; sourceTree = BUILT_PRODUCTS_DIR; };
		722C38A428EA44FD00ACCBAE /* LeetCode21Tests.swift */ = {isa = PBXFileReference; lastKnownFileType = sourcecode.swift; path = LeetCode21Tests.swift; sourceTree = "<group>"; };
		722C38AA28EA44FD00ACCBAE /* LeetCode21UITests.xctest */ = {isa = PBXFileReference; explicitFileType = wrapper.cfbundle; includeInIndex = 0; path = LeetCode21UITests.xctest; sourceTree = BUILT_PRODUCTS_DIR; };
		722C38AE28EA44FD00ACCBAE /* LeetCode21UITests.swift */ = {isa = PBXFileReference; lastKnownFileType = sourcecode.swift; path = LeetCode21UITests.swift; sourceTree = "<group>"; };
		722C38B028EA44FD00ACCBAE /* LeetCode21UITestsLaunchTests.swift */ = {isa = PBXFileReference; lastKnownFileType = sourcecode.swift; path = LeetCode21UITestsLaunchTests.swift; sourceTree = "<group>"; };
/* End PBXFileReference section */

/* Begin PBXFrameworksBuildPhase section */
		722C388728EA44FC00ACCBAE /* Frameworks */ = {
			isa = PBXFrameworksBuildPhase;
			buildActionMask = 2147483647;
			files = (
			);
			runOnlyForDeploymentPostprocessing = 0;
		};
		722C389D28EA44FD00ACCBAE /* Frameworks */ = {
			isa = PBXFrameworksBuildPhase;
			buildActionMask = 2147483647;
			files = (
			);
			runOnlyForDeploymentPostprocessing = 0;
		};
		722C38A728EA44FD00ACCBAE /* Frameworks */ = {
			isa = PBXFrameworksBuildPhase;
			buildActionMask = 2147483647;
			files = (
			);
			runOnlyForDeploymentPostprocessing = 0;
		};
/* End PBXFrameworksBuildPhase section */

/* Begin PBXGroup section */
		722C388128EA44FC00ACCBAE = {
			isa = PBXGroup;
			children = (
				722C388C28EA44FC00ACCBAE /* LeetCode21 */,
				722C38A328EA44FD00ACCBAE /* LeetCode21Tests */,
				722C38AD28EA44FD00ACCBAE /* LeetCode21UITests */,
				722C388B28EA44FC00ACCBAE /* Products */,
			);
			sourceTree = "<group>";
		};
		722C388B28EA44FC00ACCBAE /* Products */ = {
			isa = PBXGroup;
			children = (
				722C388A28EA44FC00ACCBAE /* LeetCode21.app */,
				722C38A028EA44FD00ACCBAE /* LeetCode21Tests.xctest */,
				722C38AA28EA44FD00ACCBAE /* LeetCode21UITests.xctest */,
			);
			name = Products;
			sourceTree = "<group>";
		};
		722C388C28EA44FC00ACCBAE /* LeetCode21 */ = {
			isa = PBXGroup;
			children = (
				722C388D28EA44FC00ACCBAE /* AppDelegate.swift */,
				722C388F28EA44FC00ACCBAE /* SceneDelegate.swift */,
				722C389128EA44FC00ACCBAE /* ViewController.swift */,
				722C389328EA44FC00ACCBAE /* Main.storyboard */,
				722C389628EA44FD00ACCBAE /* Assets.xcassets */,
				722C389828EA44FD00ACCBAE /* LaunchScreen.storyboard */,
				722C389B28EA44FD00ACCBAE /* Info.plist */,
			);
			path = LeetCode21;
			sourceTree = "<group>";
		};
		722C38A328EA44FD00ACCBAE /* LeetCode21Tests */ = {
			isa = PBXGroup;
			children = (
				722C38A428EA44FD00ACCBAE /* LeetCode21Tests.swift */,
			);
			path = LeetCode21Tests;
			sourceTree = "<group>";
		};
		722C38AD28EA44FD00ACCBAE /* LeetCode21UITests */ = {
			isa = PBXGroup;
			children = (
				722C38AE28EA44FD00ACCBAE /* LeetCode21UITests.swift */,
				722C38B028EA44FD00ACCBAE /* LeetCode21UITestsLaunchTests.swift */,
			);
			path = LeetCode21UITests;
			sourceTree = "<group>";
		};
/* End PBXGroup section */

/* Begin PBXNativeTarget section */
		722C388928EA44FC00ACCBAE /* LeetCode21 */ = {
			isa = PBXNativeTarget;
			buildConfigurationList = 722C38B428EA44FD00ACCBAE /* Build configuration list for PBXNativeTarget "LeetCode21" */;
			buildPhases = (
				722C388628EA44FC00ACCBAE /* Sources */,
				722C388728EA44FC00ACCBAE /* Frameworks */,
				722C388828EA44FC00ACCBAE /* Resources */,
			);
			buildRules = (
			);
			dependencies = (
			);
			name = LeetCode21;
			productName = LeetCode21;
			productReference = 722C388A28EA44FC00ACCBAE /* LeetCode21.app */;
			productType = "com.apple.product-type.application";
		};
		722C389F28EA44FD00ACCBAE /* LeetCode21Tests */ = {
			isa = PBXNativeTarget;
			buildConfigurationList = 722C38B728EA44FD00ACCBAE /* Build configuration list for PBXNativeTarget "LeetCode21Tests" */;
			buildPhases = (
				722C389C28EA44FD00ACCBAE /* Sources */,
				722C389D28EA44FD00ACCBAE /* Frameworks */,
				722C389E28EA44FD00ACCBAE /* Resources */,
			);
			buildRules = (
			);
			dependencies = (
				722C38A228EA44FD00ACCBAE /* PBXTargetDependency */,
			);
			name = LeetCode21Tests;
			productName = LeetCode21Tests;
			productReference = 722C38A028EA44FD00ACCBAE /* LeetCode21Tests.xctest */;
			productType = "com.apple.product-type.bundle.unit-test";
		};
		722C38A928EA44FD00ACCBAE /* LeetCode21UITests */ = {
			isa = PBXNativeTarget;
			buildConfigurationList = 722C38BA28EA44FD00ACCBAE /* Build configuration list for PBXNativeTarget "LeetCode21UITests" */;
			buildPhases = (
				722C38A628EA44FD00ACCBAE /* Sources */,
				722C38A728EA44FD00ACCBAE /* Frameworks */,
				722C38A828EA44FD00ACCBAE /* Resources */,
			);
			buildRules = (
			);
			dependencies = (
				722C38AC28EA44FD00ACCBAE /* PBXTargetDependency */,
			);
			name = LeetCode21UITests;
			productName = LeetCode21UITests;
			productReference = 722C38AA28EA44FD00ACCBAE /* LeetCode21UITests.xctest */;
			productType = "com.apple.product-type.bundle.ui-testing";
		};
/* End PBXNativeTarget section */

/* Begin PBXProject section */
		722C388228EA44FC00ACCBAE /* Project object */ = {
			isa = PBXProject;
			attributes = {
				BuildIndependentTargetsInParallel = 1;
				LastSwiftUpdateCheck = 1400;
				LastUpgradeCheck = 1400;
				TargetAttributes = {
					722C388928EA44FC00ACCBAE = {
						CreatedOnToolsVersion = 14.0;
					};
					722C389F28EA44FD00ACCBAE = {
						CreatedOnToolsVersion = 14.0;
						TestTargetID = 722C388928EA44FC00ACCBAE;
					};
					722C38A928EA44FD00ACCBAE = {
						CreatedOnToolsVersion = 14.0;
						TestTargetID = 722C388928EA44FC00ACCBAE;
					};
				};
			};
			buildConfigurationList = 722C388528EA44FC00ACCBAE /* Build configuration list for PBXProject "LeetCode21" */;
			compatibilityVersion = "Xcode 14.0";
			developmentRegion = en;
			hasScannedForEncodings = 0;
			knownRegions = (
				en,
				Base,
			);
			mainGroup = 722C388128EA44FC00ACCBAE;
			productRefGroup = 722C388B28EA44FC00ACCBAE /* Products */;
			projectDirPath = "";
			projectRoot = "";
			targets = (
				722C388928EA44FC00ACCBAE /* LeetCode21 */,
				722C389F28EA44FD00ACCBAE /* LeetCode21Tests */,
				722C38A928EA44FD00ACCBAE /* LeetCode21UITests */,
			);
		};
/* End PBXProject section */

/* Begin PBXResourcesBuildPhase section */
		722C388828EA44FC00ACCBAE /* Resources */ = {
			isa = PBXResourcesBuildPhase;
			buildActionMask = 2147483647;
			files = (
				722C389A28EA44FD00ACCBAE /* LaunchScreen.storyboard in Resources */,
				722C389728EA44FD00ACCBAE /* Assets.xcassets in Resources */,
				722C389528EA44FC00ACCBAE /* Main.storyboard in Resources */,
			);
			runOnlyForDeploymentPostprocessing = 0;
		};
		722C389E28EA44FD00ACCBAE /* Resources */ = {
			isa = PBXResourcesBuildPhase;
			buildActionMask = 2147483647;
			files = (
			);
			runOnlyForDeploymentPostprocessing = 0;
		};
		722C38A828EA44FD00ACCBAE /* Resources */ = {
			isa = PBXResourcesBuildPhase;
			buildActionMask = 2147483647;
			files = (
			);
			runOnlyForDeploymentPostprocessing = 0;
		};
/* End PBXResourcesBuildPhase section */

/* Begin PBXSourcesBuildPhase section */
		722C388628EA44FC00ACCBAE /* Sources */ = {
			isa = PBXSourcesBuildPhase;
			buildActionMask = 2147483647;
			files = (
				722C389228EA44FC00ACCBAE /* ViewController.swift in Sources */,
				722C388E28EA44FC00ACCBAE /* AppDelegate.swift in Sources */,
				722C389028EA44FC00ACCBAE /* SceneDelegate.swift in Sources */,
			);
			runOnlyForDeploymentPostprocessing = 0;
		};
		722C389C28EA44FD00ACCBAE /* Sources */ = {
			isa = PBXSourcesBuildPhase;
			buildActionMask = 2147483647;
			files = (
				722C38A528EA44FD00ACCBAE /* LeetCode21Tests.swift in Sources */,
			);
			runOnlyForDeploymentPostprocessing = 0;
		};
		722C38A628EA44FD00ACCBAE /* Sources */ = {
			isa = PBXSourcesBuildPhase;
			buildActionMask = 2147483647;
			files = (
				722C38B128EA44FD00ACCBAE /* LeetCode21UITestsLaunchTests.swift in Sources */,
				722C38AF28EA44FD00ACCBAE /* LeetCode21UITests.swift in Sources */,
			);
			runOnlyForDeploymentPostprocessing = 0;
		};
/* End PBXSourcesBuildPhase section */

/* Begin PBXTargetDependency section */
		722C38A228EA44FD00ACCBAE /* PBXTargetDependency */ = {
			isa = PBXTargetDependency;
			target = 722C388928EA44FC00ACCBAE /* LeetCode21 */;
			targetProxy = 722C38A128EA44FD00ACCBAE /* PBXContainerItemProxy */;
		};
		722C38AC28EA44FD00ACCBAE /* PBXTargetDependency */ = {
			isa = PBXTargetDependency;
			target = 722C388928EA44FC00ACCBAE /* LeetCode21 */;
			targetProxy = 722C38AB28EA44FD00ACCBAE /* PBXContainerItemProxy */;
		};
/* End PBXTargetDependency section */

/* Begin PBXVariantGroup section */
		722C389328EA44FC00ACCBAE /* Main.storyboard */ = {
			isa = PBXVariantGroup;
			children = (
				722C389428EA44FC00ACCBAE /* Base */,
			);
			name = Main.storyboard;
			sourceTree = "<group>";
		};
		722C389828EA44FD00ACCBAE /* LaunchScreen.storyboard */ = {
			isa = PBXVariantGroup;
			children = (
				722C389928EA44FD00ACCBAE /* Base */,
			);
			name = LaunchScreen.storyboard;
			sourceTree = "<group>";
		};
/* End PBXVariantGroup section */

/* Begin XCBuildConfiguration section */
		722C38B228EA44FD00ACCBAE /* Debug */ = {
			isa = XCBuildConfiguration;
			buildSettings = {
				ALWAYS_SEARCH_USER_PATHS = NO;
				CLANG_ANALYZER_NONNULL = YES;
				CLANG_ANALYZER_NUMBER_OBJECT_CONVERSION = YES_AGGRESSIVE;
				CLANG_CXX_LANGUAGE_STANDARD = "gnu++20";
				CLANG_ENABLE_MODULES = YES;
				CLANG_ENABLE_OBJC_ARC = YES;
				CLANG_ENABLE_OBJC_WEAK = YES;
				CLANG_WARN_BLOCK_CAPTURE_AUTORELEASING = YES;
				CLANG_WARN_BOOL_CONVERSION = YES;
				CLANG_WARN_COMMA = YES;
				CLANG_WARN_CONSTANT_CONVERSION = YES;
				CLANG_WARN_DEPRECATED_OBJC_IMPLEMENTATIONS = YES;
				CLANG_WARN_DIRECT_OBJC_ISA_USAGE = YES_ERROR;
				CLANG_WARN_DOCUMENTATION_COMMENTS = YES;
				CLANG_WARN_EMPTY_BODY = YES;
				CLANG_WARN_ENUM_CONVERSION = YES;
				CLANG_WARN_INFINITE_RECURSION = YES;
				CLANG_WARN_INT_CONVERSION = YES;
				CLANG_WARN_NON_LITERAL_NULL_CONVERSION = YES;
				CLANG_WARN_OBJC_IMPLICIT_RETAIN_SELF = YES;
				CLANG_WARN_OBJC_LITERAL_CONVERSION = YES;
				CLANG_WARN_OBJC_ROOT_CLASS = YES_ERROR;
				CLANG_WARN_QUOTED_INCLUDE_IN_FRAMEWORK_HEADER = YES;
				CLANG_WARN_RANGE_LOOP_ANALYSIS = YES;
				CLANG_WARN_STRICT_PROTOTYPES = YES;
				CLANG_WARN_SUSPICIOUS_MOVE = YES;
				CLANG_WARN_UNGUARDED_AVAILABILITY = YES_AGGRESSIVE;
				CLANG_WARN_UNREACHABLE_CODE = YES;
				CLANG_WARN__DUPLICATE_METHOD_MATCH = YES;
				COPY_PHASE_STRIP = NO;
				DEBUG_INFORMATION_FORMAT = dwarf;
				ENABLE_STRICT_OBJC_MSGSEND = YES;
				ENABLE_TESTABILITY = YES;
				GCC_C_LANGUAGE_STANDARD = gnu11;
				GCC_DYNAMIC_NO_PIC = NO;
				GCC_NO_COMMON_BLOCKS = YES;
				GCC_OPTIMIZATION_LEVEL = 0;
				GCC_PREPROCESSOR_DEFINITIONS = (
					"DEBUG=1",
					"$(inherited)",
				);
				GCC_WARN_64_TO_32_BIT_CONVERSION = YES;
				GCC_WARN_ABOUT_RETURN_TYPE = YES_ERROR;
				GCC_WARN_UNDECLARED_SELECTOR = YES;
				GCC_WARN_UNINITIALIZED_AUTOS = YES_AGGRESSIVE;
				GCC_WARN_UNUSED_FUNCTION = YES;
				GCC_WARN_UNUSED_VARIABLE = YES;
				IPHONEOS_DEPLOYMENT_TARGET = 16.0;
				MTL_ENABLE_DEBUG_INFO = INCLUDE_SOURCE;
				MTL_FAST_MATH = YES;
				ONLY_ACTIVE_ARCH = YES;
				SDKROOT = iphoneos;
				SWIFT_ACTIVE_COMPILATION_CONDITIONS = DEBUG;
				SWIFT_OPTIMIZATION_LEVEL = "-Onone";
			};
			name = Debug;
		};
		722C38B328EA44FD00ACCBAE /* Release */ = {
			isa = XCBuildConfiguration;
			buildSettings = {
				ALWAYS_SEARCH_USER_PATHS = NO;
				CLANG_ANALYZER_NONNULL = YES;
				CLANG_ANALYZER_NUMBER_OBJECT_CONVERSION = YES_AGGRESSIVE;
				CLANG_CXX_LANGUAGE_STANDARD = "gnu++20";
				CLANG_ENABLE_MODULES = YES;
				CLANG_ENABLE_OBJC_ARC = YES;
				CLANG_ENABLE_OBJC_WEAK = YES;
				CLANG_WARN_BLOCK_CAPTURE_AUTORELEASING = YES;
				CLANG_WARN_BOOL_CONVERSION = YES;
				CLANG_WARN_COMMA = YES;
				CLANG_WARN_CONSTANT_CONVERSION = YES;
				CLANG_WARN_DEPRECATED_OBJC_IMPLEMENTATIONS = YES;
				CLANG_WARN_DIRECT_OBJC_ISA_USAGE = YES_ERROR;
				CLANG_WARN_DOCUMENTATION_COMMENTS = YES;
				CLANG_WARN_EMPTY_BODY = YES;
				CLANG_WARN_ENUM_CONVERSION = YES;
				CLANG_WARN_INFINITE_RECURSION = YES;
				CLANG_WARN_INT_CONVERSION = YES;
				CLANG_WARN_NON_LITERAL_NULL_CONVERSION = YES;
				CLANG_WARN_OBJC_IMPLICIT_RETAIN_SELF = YES;
				CLANG_WARN_OBJC_LITERAL_CONVERSION = YES;
				CLANG_WARN_OBJC_ROOT_CLASS = YES_ERROR;
				CLANG_WARN_QUOTED_INCLUDE_IN_FRAMEWORK_HEADER = YES;
				CLANG_WARN_RANGE_LOOP_ANALYSIS = YES;
				CLANG_WARN_STRICT_PROTOTYPES = YES;
				CLANG_WARN_SUSPICIOUS_MOVE = YES;
				CLANG_WARN_UNGUARDED_AVAILABILITY = YES_AGGRESSIVE;
				CLANG_WARN_UNREACHABLE_CODE = YES;
				CLANG_WARN__DUPLICATE_METHOD_MATCH = YES;
				COPY_PHASE_STRIP = NO;
				DEBUG_INFORMATION_FORMAT = "dwarf-with-dsym";
				ENABLE_NS_ASSERTIONS = NO;
				ENABLE_STRICT_OBJC_MSGSEND = YES;
				GCC_C_LANGUAGE_STANDARD = gnu11;
				GCC_NO_COMMON_BLOCKS = YES;
				GCC_WARN_64_TO_32_BIT_CONVERSION = YES;
				GCC_WARN_ABOUT_RETURN_TYPE = YES_ERROR;
				GCC_WARN_UNDECLARED_SELECTOR = YES;
				GCC_WARN_UNINITIALIZED_AUTOS = YES_AGGRESSIVE;
				GCC_WARN_UNUSED_FUNCTION = YES;
				GCC_WARN_UNUSED_VARIABLE = YES;
				IPHONEOS_DEPLOYMENT_TARGET = 16.0;
				MTL_ENABLE_DEBUG_INFO = NO;
				MTL_FAST_MATH = YES;
				SDKROOT = iphoneos;
				SWIFT_COMPILATION_MODE = wholemodule;
				SWIFT_OPTIMIZATION_LEVEL = "-O";
				VALIDATE_PRODUCT = YES;
			};
			name = Release;
		};
		722C38B528EA44FD00ACCBAE /* Debug */ = {
			isa = XCBuildConfiguration;
			buildSettings = {
				ASSETCATALOG_COMPILER_APPICON_NAME = AppIcon;
				ASSETCATALOG_COMPILER_GLOBAL_ACCENT_COLOR_NAME = AccentColor;
				CODE_SIGN_STYLE = Automatic;
				CURRENT_PROJECT_VERSION = 1;
				GENERATE_INFOPLIST_FILE = YES;
				INFOPLIST_FILE = LeetCode21/Info.plist;
				INFOPLIST_KEY_UIApplicationSupportsIndirectInputEvents = YES;
				INFOPLIST_KEY_UILaunchStoryboardName = LaunchScreen;
				INFOPLIST_KEY_UIMainStoryboardFile = Main;
				INFOPLIST_KEY_UISupportedInterfaceOrientations_iPad = "UIInterfaceOrientationPortrait UIInterfaceOrientationPortraitUpsideDown UIInterfaceOrientationLandscapeLeft UIInterfaceOrientationLandscapeRight";
				INFOPLIST_KEY_UISupportedInterfaceOrientations_iPhone = "UIInterfaceOrientationPortrait UIInterfaceOrientationLandscapeLeft UIInterfaceOrientationLandscapeRight";
				LD_RUNPATH_SEARCH_PATHS = (
					"$(inherited)",
					"@executable_path/Frameworks",
				);
				MARKETING_VERSION = 1.0;
				PRODUCT_BUNDLE_IDENTIFIER = com.baevsoft.LeetCode21;
				PRODUCT_NAME = "$(TARGET_NAME)";
				SWIFT_EMIT_LOC_STRINGS = YES;
				SWIFT_VERSION = 5.0;
				TARGETED_DEVICE_FAMILY = "1,2";
			};
			name = Debug;
		};
		722C38B628EA44FD00ACCBAE /* Release */ = {
			isa = XCBuildConfiguration;
			buildSettings = {
				ASSETCATALOG_COMPILER_APPICON_NAME = AppIcon;
				ASSETCATALOG_COMPILER_GLOBAL_ACCENT_COLOR_NAME = AccentColor;
				CODE_SIGN_STYLE = Automatic;
				CURRENT_PROJECT_VERSION = 1;
				GENERATE_INFOPLIST_FILE = YES;
				INFOPLIST_FILE = LeetCode21/Info.plist;
				INFOPLIST_KEY_UIApplicationSupportsIndirectInputEvents = YES;
				INFOPLIST_KEY_UILaunchStoryboardName = LaunchScreen;
				INFOPLIST_KEY_UIMainStoryboardFile = Main;
				INFOPLIST_KEY_UISupportedInterfaceOrientations_iPad = "UIInterfaceOrientationPortrait UIInterfaceOrientationPortraitUpsideDown UIInterfaceOrientationLandscapeLeft UIInterfaceOrientationLandscapeRight";
				INFOPLIST_KEY_UISupportedInterfaceOrientations_iPhone = "UIInterfaceOrientationPortrait UIInterfaceOrientationLandscapeLeft UIInterfaceOrientationLandscapeRight";
				LD_RUNPATH_SEARCH_PATHS = (
					"$(inherited)",
					"@executable_path/Frameworks",
				);
				MARKETING_VERSION = 1.0;
				PRODUCT_BUNDLE_IDENTIFIER = com.baevsoft.LeetCode21;
				PRODUCT_NAME = "$(TARGET_NAME)";
				SWIFT_EMIT_LOC_STRINGS = YES;
				SWIFT_VERSION = 5.0;
				TARGETED_DEVICE_FAMILY = "1,2";
			};
			name = Release;
		};
		722C38B828EA44FD00ACCBAE /* Debug */ = {
			isa = XCBuildConfiguration;
			buildSettings = {
				ALWAYS_EMBED_SWIFT_STANDARD_LIBRARIES = YES;
				BUNDLE_LOADER = "$(TEST_HOST)";
				CODE_SIGN_STYLE = Automatic;
				CURRENT_PROJECT_VERSION = 1;
				GENERATE_INFOPLIST_FILE = YES;
				IPHONEOS_DEPLOYMENT_TARGET = 16.0;
				MARKETING_VERSION = 1.0;
				PRODUCT_BUNDLE_IDENTIFIER = com.baevsoft.LeetCode21Tests;
				PRODUCT_NAME = "$(TARGET_NAME)";
				SWIFT_EMIT_LOC_STRINGS = NO;
				SWIFT_VERSION = 5.0;
				TARGETED_DEVICE_FAMILY = "1,2";
				TEST_HOST = "$(BUILT_PRODUCTS_DIR)/LeetCode21.app/$(BUNDLE_EXECUTABLE_FOLDER_PATH)/LeetCode21";
			};
			name = Debug;
		};
		722C38B928EA44FD00ACCBAE /* Release */ = {
			isa = XCBuildConfiguration;
			buildSettings = {
				ALWAYS_EMBED_SWIFT_STANDARD_LIBRARIES = YES;
				BUNDLE_LOADER = "$(TEST_HOST)";
				CODE_SIGN_STYLE = Automatic;
				CURRENT_PROJECT_VERSION = 1;
				GENERATE_INFOPLIST_FILE = YES;
				IPHONEOS_DEPLOYMENT_TARGET = 16.0;
				MARKETING_VERSION = 1.0;
				PRODUCT_BUNDLE_IDENTIFIER = com.baevsoft.LeetCode21Tests;
				PRODUCT_NAME = "$(TARGET_NAME)";
				SWIFT_EMIT_LOC_STRINGS = NO;
				SWIFT_VERSION = 5.0;
				TARGETED_DEVICE_FAMILY = "1,2";
				TEST_HOST = "$(BUILT_PRODUCTS_DIR)/LeetCode21.app/$(BUNDLE_EXECUTABLE_FOLDER_PATH)/LeetCode21";
			};
			name = Release;
		};
		722C38BB28EA44FD00ACCBAE /* Debug */ = {
			isa = XCBuildConfiguration;
			buildSettings = {
				ALWAYS_EMBED_SWIFT_STANDARD_LIBRARIES = YES;
				CODE_SIGN_STYLE = Automatic;
				CURRENT_PROJECT_VERSION = 1;
				GENERATE_INFOPLIST_FILE = YES;
				MARKETING_VERSION = 1.0;
				PRODUCT_BUNDLE_IDENTIFIER = com.baevsoft.LeetCode21UITests;
				PRODUCT_NAME = "$(TARGET_NAME)";
				SWIFT_EMIT_LOC_STRINGS = NO;
				SWIFT_VERSION = 5.0;
				TARGETED_DEVICE_FAMILY = "1,2";
				TEST_TARGET_NAME = LeetCode21;
			};
			name = Debug;
		};
		722C38BC28EA44FD00ACCBAE /* Release */ = {
			isa = XCBuildConfiguration;
			buildSettings = {
				ALWAYS_EMBED_SWIFT_STANDARD_LIBRARIES = YES;
				CODE_SIGN_STYLE = Automatic;
				CURRENT_PROJECT_VERSION = 1;
				GENERATE_INFOPLIST_FILE = YES;
				MARKETING_VERSION = 1.0;
				PRODUCT_BUNDLE_IDENTIFIER = com.baevsoft.LeetCode21UITests;
				PRODUCT_NAME = "$(TARGET_NAME)";
				SWIFT_EMIT_LOC_STRINGS = NO;
				SWIFT_VERSION = 5.0;
				TARGETED_DEVICE_FAMILY = "1,2";
				TEST_TARGET_NAME = LeetCode21;
			};
			name = Release;
		};
/* End XCBuildConfiguration section */

/* Begin XCConfigurationList section */
		722C388528EA44FC00ACCBAE /* Build configuration list for PBXProject "LeetCode21" */ = {
			isa = XCConfigurationList;
			buildConfigurations = (
				722C38B228EA44FD00ACCBAE /* Debug */,
				722C38B328EA44FD00ACCBAE /* Release */,
			);
			defaultConfigurationIsVisible = 0;
			defaultConfigurationName = Release;
		};
		722C38B428EA44FD00ACCBAE /* Build configuration list for PBXNativeTarget "LeetCode21" */ = {
			isa = XCConfigurationList;
			buildConfigurations = (
				722C38B528EA44FD00ACCBAE /* Debug */,
				722C38B628EA44FD00ACCBAE /* Release */,
			);
			defaultConfigurationIsVisible = 0;
			defaultConfigurationName = Release;
		};
		722C38B728EA44FD00ACCBAE /* Build configuration list for PBXNativeTarget "LeetCode21Tests" */ = {
			isa = XCConfigurationList;
			buildConfigurations = (
				722C38B828EA44FD00ACCBAE /* Debug */,
				722C38B928EA44FD00ACCBAE /* Release */,
			);
			defaultConfigurationIsVisible = 0;
			defaultConfigurationName = Release;
		};
		722C38BA28EA44FD00ACCBAE /* Build configuration list for PBXNativeTarget "LeetCode21UITests" */ = {
			isa = XCConfigurationList;
			buildConfigurations = (
				722C38BB28EA44FD00ACCBAE /* Debug */,
				722C38BC28EA44FD00ACCBAE /* Release */,
			);
			defaultConfigurationIsVisible = 0;
			defaultConfigurationName = Release;
		};
/* End XCConfigurationList section */
	};
	rootObject = 722C388228EA44FC00ACCBAE /* Project object */;
}
